{
  "name": "js-hash-map",
  "version": "1.0.0",
  "lockfileVersion": 3,
  "requires": true,
  "packages": {
    "": {
      "name": "js-hash-map",
      "version": "1.0.0",
      "license": "MIT",
      "dependencies": {
        "@shamblonaut/js-linked-list": "^1.0.0"
      }
    },
    "node_modules/@shamblonaut/js-linked-list": {
      "version": "1.0.0",
      "resolved": "https://registry.npmjs.org/@shamblonaut/js-linked-list/-/js-linked-list-1.0.0.tgz",
      "integrity": "sha512-RK95UYsjnZHgbHVjTx7dtYLfmyo2oostvyl8iVkVDBUwDYgSky2yw9B3KwDIA4V+LXJ1bNc2rNJs2jFAxdr1lQ=="
    }
  }
}
